Microsoft Visual Studio Solution File, Format Version 12.00
# Visual Studio Version 17
VisualStudioVersion = 17.5.2.0
MinimumVisualStudioVersion = 10.0.40219.1
Project("{FAE04EC0-301F-11D3-BF4B-00C04F79EFBC}") = "FitConnect.Dominio", "FitConnect.Dominio.csproj", "{3881E2D6-7F9C-63C7-BD7C-1C429059D081}"
EndProject
Global
	GlobalSection(SolutionConfigurationPlatforms) = preSolution
		Debug|Any CPU = Debug|Any CPU
		Release|Any CPU = Release|Any CPU
	EndGlobalSection
	GlobalSection(ProjectConfigurationPlatforms) = postSolution
		{3881E2D6-7F9C-63C7-BD7C-1C429059D081}.Debug|Any CPU.ActiveCfg = Debug|Any CPU
		{3881E2D6-7F9C-63C7-BD7C-1C429059D081}.Debug|Any CPU.Build.0 = Debug|Any CPU
		{3881E2D6-7F9C-63C7-BD7C-1C429059D081}.Release|Any CPU.ActiveCfg = Release|Any CPU
		{3881E2D6-7F9C-63C7-BD7C-1C429059D081}.Release|Any CPU.Build.0 = Release|Any CPU
	EndGlobalSection
	GlobalSection(SolutionProperties) = preSolution
		HideSolutionNode = FALSE
	EndGlobalSection
	GlobalSection(ExtensibilityGlobals) = postSolution
		SolutionGuid = {972A84B4-C72B-4512-95D5-1C3DA9C2C43A}
	EndGlobalSection
EndGlobal
